
Microsoft Visual Studio Solution File, Format Version 12.00
# Visual Studio Version 17
VisualStudioVersion = 17.10.35027.167
MinimumVisualStudioVersion = 10.0.40219.1
Project("{FAE04EC0-301F-11D3-BF4B-00C04F79EFBC}") = "OOP", "OOP.csproj", "{12A07D38-FF87-462E-B1CC-3A6A0EB2D834}"
EndProject
Global
	GlobalSection(SolutionConfigurationPlatforms) = preSolution
		Debug|Any CPU = Debug|Any CPU
		Release|Any CPU = Release|Any CPU
	EndGlobalSection
	GlobalSection(ProjectConfigurationPlatforms) = postSolution
		{12A07D38-FF87-462E-B1CC-3A6A0EB2D834}.Debug|Any CPU.ActiveCfg = Debug|Any CPU
		{12A07D38-FF87-462E-B1CC-3A6A0EB2D834}.Debug|Any CPU.Build.0 = Debug|Any CPU
		{12A07D38-FF87-462E-B1CC-3A6A0EB2D834}.Release|Any CPU.ActiveCfg = Release|Any CPU
		{12A07D38-FF87-462E-B1CC-3A6A0EB2D834}.Release|Any CPU.Build.0 = Release|Any CPU
	EndGlobalSection
	GlobalSection(SolutionProperties) = preSolution
		HideSolutionNode = FALSE
	EndGlobalSection
	GlobalSection(ExtensibilityGlobals) = postSolution
		SolutionGuid = {32CD0026-A9AE-45A4-AC45-051EEF60D590}
	EndGlobalSection
EndGlobal
